// !$*UTF8*$!
{
	archiveVersion = 1;
	classes = {
	};
	objectVersion = 48;
	objects = {

/* Begin PBXBuildFile section */
		05C359C4DF8B396996042BB0 /* libPods-XXWU.a in Frameworks */ = {isa = PBXBuildFile; fileRef = 8E630100AEBDF44B0D77239E /* libPods-XXWU.a */; };
		653B098D21D08BFE00DBBCAF /* XXWUWebHelperViewController.m in Sources */ = {isa = PBXBuildFile; fileRef = 653B098C21D08BFD00DBBCAF /* XXWUWebHelperViewController.m */; };
		653B099021D0AF5A00DBBCAF /* XXWUHomeMainEntranceCell.m in Sources */ = {isa = PBXBuildFile; fileRef = 653B098F21D0AF5A00DBBCAF /* XXWUHomeMainEntranceCell.m */; };
		653B099321D0AF8E00DBBCAF /* XXWUHomeMainEntranceView.m in Sources */ = {isa = PBXBuildFile; fileRef = 653B099221D0AF8E00DBBCAF /* XXWUHomeMainEntranceView.m */; };
		653B099621D0C25500DBBCAF /* iconfont.ttf in Resources */ = {isa = PBXBuildFile; fileRef = 653B099521D0C25500DBBCAF /* iconfont.ttf */; };
		653B099921D0E21800DBBCAF /* XXWULocalNotificationManager.m in Sources */ = {isa = PBXBuildFile; fileRef = 653B099821D0E21800DBBCAF /* XXWULocalNotificationManager.m */; };
		653B099F21D1CA5100DBBCAF /* voice.mp3 in Resources */ = {isa = PBXBuildFile; fileRef = 653B099E21D1CA5100DBBCAF /* voice.mp3 */; };
		653B09A321D1D77B00DBBCAF /* XXWUBaseDelegate.m in Sources */ = {isa = PBXBuildFile; fileRef = 653B09A221D1D77B00DBBCAF /* XXWUBaseDelegate.m */; };
		65646FA021C752BB00F0F945 /* DebugConsoleLogView.m in Sources */ = {isa = PBXBuildFile; fileRef = 65646F8921C752BB00F0F945 /* DebugConsoleLogView.m */; };
		65646FA121C752BB00F0F945 /* DebugStatusBallView.xib in Resources */ = {isa = PBXBuildFile; fileRef = 65646F8A21C752BB00F0F945 /* DebugStatusBallView.xib */; };
		65646FA221C752BB00F0F945 /* DebugStatusBallView.m in Sources */ = {isa = PBXBuildFile; fileRef = 65646F8B21C752BB00F0F945 /* DebugStatusBallView.m */; };
		65646FA321C752BB00F0F945 /* DebugManager.m in Sources */ = {isa = PBXBuildFile; fileRef = 65646F8D21C752BB00F0F945 /* DebugManager.m */; };
		65646FA721C752BB00F0F945 /* AppDelegate.m in Sources */ = {isa = PBXBuildFile; fileRef = 65646F9421C752BB00F0F945 /* AppDelegate.m */; };
		65646FA821C752BB00F0F945 /* Settings.bundle in Resources */ = {isa = PBXBuildFile; fileRef = 65646F9721C752BB00F0F945 /* Settings.bundle */; };
		65646FA921C752BB00F0F945 /* Assets.xcassets in Resources */ = {isa = PBXBuildFile; fileRef = 65646F9921C752BB00F0F945 /* Assets.xcassets */; };
		65646FAA21C752BB00F0F945 /* LaunchScreen.storyboard in Resources */ = {isa = PBXBuildFile; fileRef = 65646F9A21C752BB00F0F945 /* LaunchScreen.storyboard */; };
		65646FAB21C752BB00F0F945 /* main.m in Sources */ = {isa = PBXBuildFile; fileRef = 65646F9C21C752BB00F0F945 /* main.m */; };
		65646FD321C7633000F0F945 /* XXWUWebViewController.m in Sources */ = {isa = PBXBuildFile; fileRef = 65646FC521C7633000F0F945 /* XXWUWebViewController.m */; };
		65646FDB21C7634400F0F945 /* XXWUHomeViewController.m in Sources */ = {isa = PBXBuildFile; fileRef = 65646FDA21C7634400F0F945 /* XXWUHomeViewController.m */; };
		65646FEA21C7766300F0F945 /* XXWUHomeMainEntranceDataModel.m in Sources */ = {isa = PBXBuildFile; fileRef = 65646FE921C7766300F0F945 /* XXWUHomeMainEntranceDataModel.m */; };
		65646FF021C77CAA00F0F945 /* XXWUClockViewController.m in Sources */ = {isa = PBXBuildFile; fileRef = 65646FEF21C77CAA00F0F945 /* XXWUClockViewController.m */; };
		6564700021C786B200F0F945 /* xxwuViewMap.plist in Resources */ = {isa = PBXBuildFile; fileRef = 65646FFB21C786B100F0F945 /* xxwuViewMap.plist */; };
		6564700221C786B200F0F945 /* ZCPControllerFactory+Category.m in Sources */ = {isa = PBXBuildFile; fileRef = 65646FFD21C786B100F0F945 /* ZCPControllerFactory+Category.m */; };
		6564700321C786B200F0F945 /* ZCPServiceHandler+XXWU.m in Sources */ = {isa = PBXBuildFile; fileRef = 65646FFE21C786B100F0F945 /* ZCPServiceHandler+XXWU.m */; };
		6564700821C78DFD00F0F945 /* XXWULoginViewController.m in Sources */ = {isa = PBXBuildFile; fileRef = 6564700721C78DFD00F0F945 /* XXWULoginViewController.m */; };
		6564700B21C7B32200F0F945 /* XXWUSettingsManager.m in Sources */ = {isa = PBXBuildFile; fileRef = 6564700921C7B32100F0F945 /* XXWUSettingsManager.m */; };
/* End PBXBuildFile section */

/* Begin PBXFileReference section */
		653B098B21D08BFD00DBBCAF /* XXWUWebHelperViewController.h */ = {isa = PBXFileReference; lastKnownFileType = sourcecode.c.h; path = XXWUWebHelperViewController.h; sourceTree = "<group>"; };
		653B098C21D08BFD00DBBCAF /* XXWUWebHelperViewController.m */ = {isa = PBXFileReference; lastKnownFileType = sourcecode.c.objc; path = XXWUWebHelperViewController.m; sourceTree = "<group>"; };
		653B098E21D0AF5A00DBBCAF /* XXWUHomeMainEntranceCell.h */ = {isa = PBXFileReference; lastKnownFileType = sourcecode.c.h; path = XXWUHomeMainEntranceCell.h; sourceTree = "<group>"; };
		653B098F21D0AF5A00DBBCAF /* XXWUHomeMainEntranceCell.m */ = {isa = PBXFileReference; lastKnownFileType = sourcecode.c.objc; path = XXWUHomeMainEntranceCell.m; sourceTree = "<group>"; };
		653B099121D0AF8E00DBBCAF /* XXWUHomeMainEntranceView.h */ = {isa = PBXFileReference; lastKnownFileType = sourcecode.c.h; path = XXWUHomeMainEntranceView.h; sourceTree = "<group>"; };
		653B099221D0AF8E00DBBCAF /* XXWUHomeMainEntranceView.m */ = {isa = PBXFileReference; lastKnownFileType = sourcecode.c.objc; path = XXWUHomeMainEntranceView.m; sourceTree = "<group>"; };
		653B099521D0C25500DBBCAF /* iconfont.ttf */ = {isa = PBXFileReference; lastKnownFileType = file; path = iconfont.ttf; sourceTree = "<group>"; };
		653B099721D0E21800DBBCAF /* XXWULocalNotificationManager.h */ = {isa = PBXFileReference; lastKnownFileType = sourcecode.c.h; path = XXWULocalNotificationManager.h; sourceTree = "<group>"; };
		653B099821D0E21800DBBCAF /* XXWULocalNotificationManager.m */ = {isa = PBXFileReference; lastKnownFileType = sourcecode.c.objc; path = XXWULocalNotificationManager.m; sourceTree = "<group>"; };
		653B099E21D1CA5100DBBCAF /* voice.mp3 */ = {isa = PBXFileReference; lastKnownFileType = audio.mp3; path = voice.mp3; sourceTree = "<group>"; };
		653B09A121D1D77B00DBBCAF /* XXWUBaseDelegate.h */ = {isa = PBXFileReference; lastKnownFileType = sourcecode.c.h; path = XXWUBaseDelegate.h; sourceTree = "<group>"; };
		653B09A221D1D77B00DBBCAF /* XXWUBaseDelegate.m */ = {isa = PBXFileReference; lastKnownFileType = sourcecode.c.objc; path = XXWUBaseDelegate.m; sourceTree = "<group>"; };
		65646F8221C752BB00F0F945 /* AppDelegate.h */ = {isa = PBXFileReference; fileEncoding = 4; lastKnownFileType = sourcecode.c.h; path = AppDelegate.h; sourceTree = "<group>"; };
		65646F8721C752BB00F0F945 /* DebugStatusBallView.h */ = {isa = PBXFileReference; fileEncoding = 4; lastKnownFileType = sourcecode.c.h; path = DebugStatusBallView.h; sourceTree = "<group>"; };
		65646F8821C752BB00F0F945 /* DebugManager.h */ = {isa = PBXFileReference; fileEncoding = 4; lastKnownFileType = sourcecode.c.h; path = DebugManager.h; sourceTree = "<group>"; };
		65646F8921C752BB00F0F945 /* DebugConsoleLogView.m */ = {isa = PBXFileReference; fileEncoding = 4; lastKnownFileType = sourcecode.c.objc; path = DebugConsoleLogView.m; sourceTree = "<group>"; };
		65646F8A21C752BB00F0F945 /* DebugStatusBallView.xib */ = {isa = PBXFileReference; fileEncoding = 4; lastKnownFileType = file.xib; path = DebugStatusBallView.xib; sourceTree = "<group>"; };
		65646F8B21C752BB00F0F945 /* DebugStatusBallView.m */ = {isa = PBXFileReference; fileEncoding = 4; lastKnownFileType = sourcecode.c.objc; path = DebugStatusBallView.m; sourceTree = "<group>"; };
		65646F8C21C752BB00F0F945 /* DebugConsoleLogView.h */ = {isa = PBXFileReference; fileEncoding = 4; lastKnownFileType = sourcecode.c.h; path = DebugConsoleLogView.h; sourceTree = "<group>"; };
		65646F8D21C752BB00F0F945 /* DebugManager.m */ = {isa = PBXFileReference; fileEncoding = 4; lastKnownFileType = sourcecode.c.objc; path = DebugManager.m; sourceTree = "<group>"; };
		65646F9421C752BB00F0F945 /* AppDelegate.m */ = {isa = PBXFileReference; fileEncoding = 4; lastKnownFileType = sourcecode.c.objc; path = AppDelegate.m; sourceTree = "<group>"; };
		65646F9721C752BB00F0F945 /* Settings.bundle */ = {isa = PBXFileReference; lastKnownFileType = "wrapper.plug-in"; path = Settings.bundle; sourceTree = "<group>"; };
		65646F9821C752BB00F0F945 /* xxwu.pch */ = {isa = PBXFileReference; fileEncoding = 4; lastKnownFileType = sourcecode.c.h; path = xxwu.pch; sourceTree = "<group>"; };
		65646F9921C752BB00F0F945 /* Assets.xcassets */ = {isa = PBXFileReference; lastKnownFileType = folder.assetcatalog; path = Assets.xcassets; sourceTree = "<group>"; };
		65646F9B21C752BB00F0F945 /* Base */ = {isa = PBXFileReference; lastKnownFileType = file.storyboard; name = Base; path = Base.lproj/LaunchScreen.storyboard; sourceTree = "<group>"; };
		65646F9C21C752BB00F0F945 /* main.m */ = {isa = PBXFileReference; fileEncoding = 4; lastKnownFileType = sourcecode.c.objc; path = main.m; sourceTree = "<group>"; };
		65646FAF21C7533300F0F945 /* Info.plist */ = {isa = PBXFileReference; fileEncoding = 4; lastKnownFileType = text.plist.xml; path = Info.plist; sourceTree = "<group>"; };
		65646FC421C7633000F0F945 /* XXWUWebViewController.h */ = {isa = PBXFileReference; fileEncoding = 4; lastKnownFileType = sourcecode.c.h; path = XXWUWebViewController.h; sourceTree = "<group>"; };
		65646FC521C7633000F0F945 /* XXWUWebViewController.m */ = {isa = PBXFileReference; fileEncoding = 4; lastKnownFileType = sourcecode.c.objc; path = XXWUWebViewController.m; sourceTree = "<group>"; };
		65646FD921C7634400F0F945 /* XXWUHomeViewController.h */ = {isa = PBXFileReference; lastKnownFileType = sourcecode.c.h; path = XXWUHomeViewController.h; sourceTree = "<group>"; };
		65646FDA21C7634400F0F945 /* XXWUHomeViewController.m */ = {isa = PBXFileReference; lastKnownFileType = sourcecode.c.objc; path = XXWUHomeViewController.m; sourceTree = "<group>"; };
		65646FE821C7766300F0F945 /* XXWUHomeMainEntranceDataModel.h */ = {isa = PBXFileReference; lastKnownFileType = sourcecode.c.h; path = XXWUHomeMainEntranceDataModel.h; sourceTree = "<group>"; };
		65646FE921C7766300F0F945 /* XXWUHomeMainEntranceDataModel.m */ = {isa = PBXFileReference; lastKnownFileType = sourcecode.c.objc; path = XXWUHomeMainEntranceDataModel.m; sourceTree = "<group>"; };
		65646FEE21C77CAA00F0F945 /* XXWUClockViewController.h */ = {isa = PBXFileReference; lastKnownFileType = sourcecode.c.h; path = XXWUClockViewController.h; sourceTree = "<group>"; };
		65646FEF21C77CAA00F0F945 /* XXWUClockViewController.m */ = {isa = PBXFileReference; lastKnownFileType = sourcecode.c.objc; path = XXWUClockViewController.m; sourceTree = "<group>"; };
		65646FF821C786B100F0F945 /* ZCPControllerFactory+Category.h */ = {isa = PBXFileReference; fileEncoding = 4; lastKnownFileType = sourcecode.c.h; path = "ZCPControllerFactory+Category.h"; sourceTree = "<group>"; };
		65646FF921C786B100F0F945 /* XXWUViewMap.h */ = {isa = PBXFileReference; fileEncoding = 4; lastKnownFileType = sourcecode.c.h; path = XXWUViewMap.h; sourceTree = "<group>"; };
		65646FFA21C786B100F0F945 /* ZCPServiceHandler+XXWU.h */ = {isa = PBXFileReference; fileEncoding = 4; lastKnownFileType = sourcecode.c.h; path = "ZCPServiceHandler+XXWU.h"; sourceTree = "<group>"; };
		65646FFB21C786B100F0F945 /* xxwuViewMap.plist */ = {isa = PBXFileReference; fileEncoding = 4; lastKnownFileType = text.plist.xml; path = xxwuViewMap.plist; sourceTree = "<group>"; };
		65646FFD21C786B100F0F945 /* ZCPControllerFactory+Category.m */ = {isa = PBXFileReference; fileEncoding = 4; lastKnownFileType = sourcecode.c.objc; path = "ZCPControllerFactory+Category.m"; sourceTree = "<group>"; };
		65646FFE21C786B100F0F945 /* ZCPServiceHandler+XXWU.m */ = {isa = PBXFileReference; fileEncoding = 4; lastKnownFileType = sourcecode.c.objc; path = "ZCPServiceHandler+XXWU.m"; sourceTree = "<group>"; };
		6564700621C78DFD00F0F945 /* XXWULoginViewController.h */ = {isa = PBXFileReference; lastKnownFileType = sourcecode.c.h; path = XXWULoginViewController.h; sourceTree = "<group>"; };
		6564700721C78DFD00F0F945 /* XXWULoginViewController.m */ = {isa = PBXFileReference; lastKnownFileType = sourcecode.c.objc; path = XXWULoginViewController.m; sourceTree = "<group>"; };
		6564700921C7B32100F0F945 /* XXWUSettingsManager.m */ = {isa = PBXFileReference; fileEncoding = 4; lastKnownFileType = sourcecode.c.objc; path = XXWUSettingsManager.m; sourceTree = "<group>"; };
		6564700A21C7B32200F0F945 /* XXWUSettingsManager.h */ = {isa = PBXFileReference; fileEncoding = 4; lastKnownFileType = sourcecode.c.h; path = XXWUSettingsManager.h; sourceTree = "<group>"; };
		75B6AAF85DBAB817D3663664 /* Pods-XXWU.release.xcconfig */ = {isa = PBXFileReference; includeInIndex = 1; lastKnownFileType = text.xcconfig; name = "Pods-XXWU.release.xcconfig"; path = "Pods/Target Support Files/Pods-XXWU/Pods-XXWU.release.xcconfig"; sourceTree = "<group>"; };
		8E630100AEBDF44B0D77239E /* libPods-XXWU.a */ = {isa = PBXFileReference; explicitFileType = archive.ar; includeInIndex = 0; path = "libPods-XXWU.a"; sourceTree = BUILT_PRODUCTS_DIR; };
		C4DDE003E5280A99FE40EC39 /* Pods-XXWU.debug.xcconfig */ = {isa = PBXFileReference; includeInIndex = 1; lastKnownFileType = text.xcconfig; name = "Pods-XXWU.debug.xcconfig"; path = "Pods/Target Support Files/Pods-XXWU/Pods-XXWU.debug.xcconfig"; sourceTree = "<group>"; };
		FB960D161F4D142C00D9E4D3 /* XXWU.app */ = {isa = PBXFileReference; explicitFileType = wrapper.application; includeInIndex = 0; path = XXWU.app; sourceTree = BUILT_PRODUCTS_DIR; };
/* End PBXFileReference section */

/* Begin PBXFrameworksBuildPhase section */
		FB960D131F4D142C00D9E4D3 /* Frameworks */ = {
			isa = PBXFrameworksBuildPhase;
			buildActionMask = 2147483647;
			files = (
				05C359C4DF8B396996042BB0 /* libPods-XXWU.a in Frameworks */,
			);
			runOnlyForDeploymentPostprocessing = 0;
		};
/* End PBXFrameworksBuildPhase section */

/* Begin PBXGroup section */
		004A9C8F4234543B1997B279 /* Pods */ = {
			isa = PBXGroup;
			children = (
				C4DDE003E5280A99FE40EC39 /* Pods-XXWU.debug.xcconfig */,
				75B6AAF85DBAB817D3663664 /* Pods-XXWU.release.xcconfig */,
			);
			name = Pods;
			sourceTree = "<group>";
		};
		2DDA8282EA1937632D7C7793 /* Frameworks */ = {
			isa = PBXGroup;
			children = (
				8E630100AEBDF44B0D77239E /* libPods-XXWU.a */,
			);
			name = Frameworks;
			sourceTree = "<group>";
		};
		653B099421D0C25500DBBCAF /* Resources */ = {
			isa = PBXGroup;
			children = (
				653B099E21D1CA5100DBBCAF /* voice.mp3 */,
				653B099521D0C25500DBBCAF /* iconfont.ttf */,
			);
			path = Resources;
			sourceTree = "<group>";
		};
		653B09A021D1CABE00DBBCAF /* Model */ = {
			isa = PBXGroup;
			children = (
			);
			path = Model;
			sourceTree = "<group>";
		};
		65646F7F21C752BB00F0F945 /* Classes */ = {
			isa = PBXGroup;
			children = (
				65646FF721C786B100F0F945 /* ZCPRouter */,
				6564700421C78DEF00F0F945 /* Common */,
				65646F8321C752BB00F0F945 /* Util */,
				65646FD221C7633000F0F945 /* Home */,
				65646FC321C7633000F0F945 /* Web */,
				65646FED21C77C9000F0F945 /* Clock */,
				65646F8221C752BB00F0F945 /* AppDelegate.h */,
				65646F9421C752BB00F0F945 /* AppDelegate.m */,
			);
			path = Classes;
			sourceTree = "<group>";
		};
		65646F8321C752BB00F0F945 /* Util */ = {
			isa = PBXGroup;
			children = (
				65646F8621C752BB00F0F945 /* 调试工具 */,
				6564700A21C7B32200F0F945 /* XXWUSettingsManager.h */,
				6564700921C7B32100F0F945 /* XXWUSettingsManager.m */,
				653B099721D0E21800DBBCAF /* XXWULocalNotificationManager.h */,
				653B099821D0E21800DBBCAF /* XXWULocalNotificationManager.m */,
				653B09A121D1D77B00DBBCAF /* XXWUBaseDelegate.h */,
				653B09A221D1D77B00DBBCAF /* XXWUBaseDelegate.m */,
			);
			path = Util;
			sourceTree = "<group>";
		};
		65646F8621C752BB00F0F945 /* 调试工具 */ = {
			isa = PBXGroup;
			children = (
				65646F8821C752BB00F0F945 /* DebugManager.h */,
				65646F8D21C752BB00F0F945 /* DebugManager.m */,
				65646F8721C752BB00F0F945 /* DebugStatusBallView.h */,
				65646F8B21C752BB00F0F945 /* DebugStatusBallView.m */,
				65646F8A21C752BB00F0F945 /* DebugStatusBallView.xib */,
				65646F8C21C752BB00F0F945 /* DebugConsoleLogView.h */,
				65646F8921C752BB00F0F945 /* DebugConsoleLogView.m */,
			);
			path = "调试工具";
			sourceTree = "<group>";
		};
		65646F9621C752BB00F0F945 /* Other */ = {
			isa = PBXGroup;
			children = (
				653B099421D0C25500DBBCAF /* Resources */,
				65646F9C21C752BB00F0F945 /* main.m */,
				65646F9821C752BB00F0F945 /* xxwu.pch */,
				65646F9A21C752BB00F0F945 /* LaunchScreen.storyboard */,
				65646F9921C752BB00F0F945 /* Assets.xcassets */,
				65646FAF21C7533300F0F945 /* Info.plist */,
				65646F9721C752BB00F0F945 /* Settings.bundle */,
			);
			path = Other;
			sourceTree = "<group>";
		};
		65646FC321C7633000F0F945 /* Web */ = {
			isa = PBXGroup;
			children = (
				65646FC421C7633000F0F945 /* XXWUWebViewController.h */,
				65646FC521C7633000F0F945 /* XXWUWebViewController.m */,
				653B098B21D08BFD00DBBCAF /* XXWUWebHelperViewController.h */,
				653B098C21D08BFD00DBBCAF /* XXWUWebHelperViewController.m */,
			);
			path = Web;
			sourceTree = "<group>";
		};
		65646FD221C7633000F0F945 /* Home */ = {
			isa = PBXGroup;
			children = (
				65646FE721C7763D00F0F945 /* Model */,
				65646FDC21C7692E00F0F945 /* View */,
				65646FD921C7634400F0F945 /* XXWUHomeViewController.h */,
				65646FDA21C7634400F0F945 /* XXWUHomeViewController.m */,
			);
			path = Home;
			sourceTree = "<group>";
		};
		65646FDC21C7692E00F0F945 /* View */ = {
			isa = PBXGroup;
			children = (
				653B098E21D0AF5A00DBBCAF /* XXWUHomeMainEntranceCell.h */,
				653B098F21D0AF5A00DBBCAF /* XXWUHomeMainEntranceCell.m */,
				653B099121D0AF8E00DBBCAF /* XXWUHomeMainEntranceView.h */,
				653B099221D0AF8E00DBBCAF /* XXWUHomeMainEntranceView.m */,
			);
			path = View;
			sourceTree = "<group>";
		};
		65646FE721C7763D00F0F945 /* Model */ = {
			isa = PBXGroup;
			children = (
				65646FE821C7766300F0F945 /* XXWUHomeMainEntranceDataModel.h */,
				65646FE921C7766300F0F945 /* XXWUHomeMainEntranceDataModel.m */,
			);
			path = Model;
			sourceTree = "<group>";
		};
		65646FED21C77C9000F0F945 /* Clock */ = {
			isa = PBXGroup;
			children = (
				653B09A021D1CABE00DBBCAF /* Model */,
				65646FEE21C77CAA00F0F945 /* XXWUClockViewController.h */,
				65646FEF21C77CAA00F0F945 /* XXWUClockViewController.m */,
			);
			path = Clock;
			sourceTree = "<group>";
		};
		65646FF721C786B100F0F945 /* ZCPRouter */ = {
			isa = PBXGroup;
			children = (
				65646FF821C786B100F0F945 /* ZCPControllerFactory+Category.h */,
				65646FFD21C786B100F0F945 /* ZCPControllerFactory+Category.m */,
				65646FF921C786B100F0F945 /* XXWUViewMap.h */,
				65646FFB21C786B100F0F945 /* xxwuViewMap.plist */,
				65646FFA21C786B100F0F945 /* ZCPServiceHandler+XXWU.h */,
				65646FFE21C786B100F0F945 /* ZCPServiceHandler+XXWU.m */,
			);
			path = ZCPRouter;
			sourceTree = "<group>";
		};
		6564700421C78DEF00F0F945 /* Common */ = {
			isa = PBXGroup;
			children = (
				6564700521C78DEF00F0F945 /* Login&Register */,
			);
			path = Common;
			sourceTree = "<group>";
		};
		6564700521C78DEF00F0F945 /* Login&Register */ = {
			isa = PBXGroup;
			children = (
				6564700621C78DFD00F0F945 /* XXWULoginViewController.h */,
				6564700721C78DFD00F0F945 /* XXWULoginViewController.m */,
			);
			path = "Login&Register";
			sourceTree = "<group>";
		};
		FB960D0D1F4D142C00D9E4D3 = {
			isa = PBXGroup;
			children = (
				FB960D181F4D142C00D9E4D3 /* XXWU */,
				FB960D171F4D142C00D9E4D3 /* Products */,
				004A9C8F4234543B1997B279 /* Pods */,
				2DDA8282EA1937632D7C7793 /* Frameworks */,
			);
			sourceTree = "<group>";
		};
		FB960D171F4D142C00D9E4D3 /* Products */ = {
			isa = PBXGroup;
			children = (
				FB960D161F4D142C00D9E4D3 /* XXWU.app */,
			);
			name = Products;
			sourceTree = "<group>";
		};
		FB960D181F4D142C00D9E4D3 /* XXWU */ = {
			isa = PBXGroup;
			children = (
				65646F7F21C752BB00F0F945 /* Classes */,
				65646F9621C752BB00F0F945 /* Other */,
			);
			path = XXWU;
			sourceTree = "<group>";
		};
/* End PBXGroup section */

/* Begin PBXNativeTarget section */
		FB960D151F4D142C00D9E4D3 /* XXWU */ = {
			isa = PBXNativeTarget;
			buildConfigurationList = FB960D2C1F4D142C00D9E4D3 /* Build configuration list for PBXNativeTarget "XXWU" */;
			buildPhases = (
				723880AE14793CE284B43425 /* [CP] Check Pods Manifest.lock */,
				FB960D121F4D142C00D9E4D3 /* Sources */,
				FB960D131F4D142C00D9E4D3 /* Frameworks */,
				FB960D141F4D142C00D9E4D3 /* Resources */,
				C53590EEF08A6C8D5E34205B /* [CP] Copy Pods Resources */,
			);
			buildRules = (
			);
			dependencies = (
			);
			name = XXWU;
			productName = XXWU;
			productReference = FB960D161F4D142C00D9E4D3 /* XXWU.app */;
			productType = "com.apple.product-type.application";
		};
/* End PBXNativeTarget section */

/* Begin PBXProject section */
		FB960D0E1F4D142C00D9E4D3 /* Project object */ = {
			isa = PBXProject;
			attributes = {
				LastUpgradeCheck = 1010;
				ORGANIZATIONNAME = zcp;
				TargetAttributes = {
					FB960D151F4D142C00D9E4D3 = {
						CreatedOnToolsVersion = 9.0;
						ProvisioningStyle = Automatic;
					};
				};
			};
			buildConfigurationList = FB960D111F4D142C00D9E4D3 /* Build configuration list for PBXProject "XXWU" */;
			compatibilityVersion = "Xcode 8.0";
			developmentRegion = en;
			hasScannedForEncodings = 0;
			knownRegions = (
				en,
				Base,
			);
			mainGroup = FB960D0D1F4D142C00D9E4D3;
			productRefGroup = FB960D171F4D142C00D9E4D3 /* Products */;
			projectDirPath = "";
			projectRoot = "";
			targets = (
				FB960D151F4D142C00D9E4D3 /* XXWU */,
			);
		};
/* End PBXProject section */

/* Begin PBXResourcesBuildPhase section */
		FB960D141F4D142C00D9E4D3 /* Resources */ = {
			isa = PBXResourcesBuildPhase;
			buildActionMask = 2147483647;
			files = (
				653B099F21D1CA5100DBBCAF /* voice.mp3 in Resources */,
				65646FA821C752BB00F0F945 /* Settings.bundle in Resources */,
				6564700021C786B200F0F945 /* xxwuViewMap.plist in Resources */,
				653B099621D0C25500DBBCAF /* iconfont.ttf in Resources */,
				65646FAA21C752BB00F0F945 /* LaunchScreen.storyboard in Resources */,
				65646FA921C752BB00F0F945 /* Assets.xcassets in Resources */,
				65646FA121C752BB00F0F945 /* DebugStatusBallView.xib in Resources */,
			);
			runOnlyForDeploymentPostprocessing = 0;
		};
/* End PBXResourcesBuildPhase section */

/* Begin PBXShellScriptBuildPhase section */
		723880AE14793CE284B43425 /* [CP] Check Pods Manifest.lock */ = {
			isa = PBXShellScriptBuildPhase;
			buildActionMask = 2147483647;
			files = (
			);
			inputFileListPaths = (
			);
			inputPaths = (
				"${PODS_PODFILE_DIR_PATH}/Podfile.lock",
				"${PODS_ROOT}/Manifest.lock",
			);
			name = "[CP] Check Pods Manifest.lock";
			outputFileListPaths = (
			);
			outputPaths = (
				"$(DERIVED_FILE_DIR)/Pods-XXWU-checkManifestLockResult.txt",
			);
			runOnlyForDeploymentPostprocessing = 0;
			shellPath = /bin/sh;
			shellScript = "diff \"${PODS_PODFILE_DIR_PATH}/Podfile.lock\" \"${PODS_ROOT}/Manifest.lock\" > /dev/null\nif [ $? != 0 ] ; then\n    # print error to STDERR\n    echo \"error: The sandbox is not in sync with the Podfile.lock. Run 'pod install' or update your CocoaPods installation.\" >&2\n    exit 1\nfi\n# This output is used by Xcode 'outputs' to avoid re-running this script phase.\necho \"SUCCESS\" > \"${SCRIPT_OUTPUT_FILE_0}\"\n";
			showEnvVarsInLog = 0;
		};
		C53590EEF08A6C8D5E34205B /* [CP] Copy Pods Resources */ = {
			isa = PBXShellScriptBuildPhase;
			buildActionMask = 2147483647;
			files = (
			);
			inputFileListPaths = (
			);
			inputPaths = (
				"${SRCROOT}/Pods/Target Support Files/Pods-XXWU/Pods-XXWU-resources.sh",
				"${PODS_ROOT}/ZCPKit/ZCPKit/Router/viewMap.plist",
			);
			name = "[CP] Copy Pods Resources";
			outputFileListPaths = (
			);
			outputPaths = (
				"${TARGET_BUILD_DIR}/${UNLOCALIZED_RESOURCES_FOLDER_PATH}/viewMap.plist",
			);
			runOnlyForDeploymentPostprocessing = 0;
			shellPath = /bin/sh;
			shellScript = "\"${SRCROOT}/Pods/Target Support Files/Pods-XXWU/Pods-XXWU-resources.sh\"\n";
			showEnvVarsInLog = 0;
		};
/* End PBXShellScriptBuildPhase section */

/* Begin PBXSourcesBuildPhase section */
		FB960D121F4D142C00D9E4D3 /* Sources */ = {
			isa = PBXSourcesBuildPhase;
			buildActionMask = 2147483647;
			files = (
				65646FAB21C752BB00F0F945 /* main.m in Sources */,
				653B098D21D08BFE00DBBCAF /* XXWUWebHelperViewController.m in Sources */,
				6564700B21C7B32200F0F945 /* XXWUSettingsManager.m in Sources */,
				6564700821C78DFD00F0F945 /* XXWULoginViewController.m in Sources */,
				65646FEA21C7766300F0F945 /* XXWUHomeMainEntranceDataModel.m in Sources */,
				6564700321C786B200F0F945 /* ZCPServiceHandler+XXWU.m in Sources */,
				653B099321D0AF8E00DBBCAF /* XXWUHomeMainEntranceView.m in Sources */,
				65646FA721C752BB00F0F945 /* AppDelegate.m in Sources */,
				65646FDB21C7634400F0F945 /* XXWUHomeViewController.m in Sources */,
				653B09A321D1D77B00DBBCAF /* XXWUBaseDelegate.m in Sources */,
				65646FD321C7633000F0F945 /* XXWUWebViewController.m in Sources */,
				6564700221C786B200F0F945 /* ZCPControllerFactory+Category.m in Sources */,
				65646FA221C752BB00F0F945 /* DebugStatusBallView.m in Sources */,
				653B099921D0E21800DBBCAF /* XXWULocalNotificationManager.m in Sources */,
				65646FF021C77CAA00F0F945 /* XXWUClockViewController.m in Sources */,
				65646FA321C752BB00F0F945 /* DebugManager.m in Sources */,
				65646FA021C752BB00F0F945 /* DebugConsoleLogView.m in Sources */,
				653B099021D0AF5A00DBBCAF /* XXWUHomeMainEntranceCell.m in Sources */,
			);
			runOnlyForDeploymentPostprocessing = 0;
		};
/* End PBXSourcesBuildPhase section */

/* Begin PBXVariantGroup section */
		65646F9A21C752BB00F0F945 /* LaunchScreen.storyboard */ = {
			isa = PBXVariantGroup;
			children = (
				65646F9B21C752BB00F0F945 /* Base */,
			);
			name = LaunchScreen.storyboard;
			sourceTree = "<group>";
		};
/* End PBXVariantGroup section */

/* Begin XCBuildConfiguration section */
		FB960D2A1F4D142C00D9E4D3 /* Debug */ = {
			isa = XCBuildConfiguration;
			buildSettings = {
				ALWAYS_SEARCH_USER_PATHS = NO;
				CLANG_ANALYZER_NONNULL = YES;
				CLANG_ANALYZER_NUMBER_OBJECT_CONVERSION = YES_AGGRESSIVE;
				CLANG_CXX_LANGUAGE_STANDARD = "gnu++14";
				CLANG_CXX_LIBRARY = "libc++";
				CLANG_ENABLE_MODULES = YES;
				CLANG_ENABLE_OBJC_ARC = YES;
				CLANG_WARN_BLOCK_CAPTURE_AUTORELEASING = YES;
				CLANG_WARN_BOOL_CONVERSION = YES;
				CLANG_WARN_COMMA = YES;
				CLANG_WARN_CONSTANT_CONVERSION = YES;
				CLANG_WARN_DEPRECATED_OBJC_IMPLEMENTATIONS = YES;
				CLANG_WARN_DIRECT_OBJC_ISA_USAGE = YES_ERROR;
				CLANG_WARN_DOCUMENTATION_COMMENTS = YES;
				CLANG_WARN_EMPTY_BODY = YES;
				CLANG_WARN_ENUM_CONVERSION = YES;
				CLANG_WARN_INFINITE_RECURSION = YES;
				CLANG_WARN_INT_CONVERSION = YES;
				CLANG_WARN_NON_LITERAL_NULL_CONVERSION = YES;
				CLANG_WARN_OBJC_IMPLICIT_RETAIN_SELF = YES;
				CLANG_WARN_OBJC_LITERAL_CONVERSION = YES;
				CLANG_WARN_OBJC_ROOT_CLASS = YES_ERROR;
				CLANG_WARN_RANGE_LOOP_ANALYSIS = YES;
				CLANG_WARN_STRICT_PROTOTYPES = YES;
				CLANG_WARN_SUSPICIOUS_MOVE = YES;
				CLANG_WARN_UNGUARDED_AVAILABILITY = YES_AGGRESSIVE;
				CLANG_WARN_UNREACHABLE_CODE = YES;
				CLANG_WARN__DUPLICATE_METHOD_MATCH = YES;
				CODE_SIGN_IDENTITY = "iPhone Developer";
				COPY_PHASE_STRIP = NO;
				DEBUG_INFORMATION_FORMAT = dwarf;
				ENABLE_STRICT_OBJC_MSGSEND = YES;
				ENABLE_TESTABILITY = YES;
				GCC_C_LANGUAGE_STANDARD = gnu11;
				GCC_DYNAMIC_NO_PIC = NO;
				GCC_NO_COMMON_BLOCKS = YES;
				GCC_OPTIMIZATION_LEVEL = 0;
				GCC_PREPROCESSOR_DEFINITIONS = (
					"DEBUG=1",
					"$(inherited)",
				);
				GCC_WARN_64_TO_32_BIT_CONVERSION = YES;
				GCC_WARN_ABOUT_RETURN_TYPE = YES_ERROR;
				GCC_WARN_UNDECLARED_SELECTOR = YES;
				GCC_WARN_UNINITIALIZED_AUTOS = YES_AGGRESSIVE;
				GCC_WARN_UNUSED_FUNCTION = YES;
				GCC_WARN_UNUSED_VARIABLE = YES;
				IPHONEOS_DEPLOYMENT_TARGET = 11.0;
				MTL_ENABLE_DEBUG_INFO = YES;
				ONLY_ACTIVE_ARCH = YES;
				SDKROOT = iphoneos;
			};
			name = Debug;
		};
		FB960D2B1F4D142C00D9E4D3 /* Release */ = {
			isa = XCBuildConfiguration;
			buildSettings = {
				ALWAYS_SEARCH_USER_PATHS = NO;
				CLANG_ANALYZER_NONNULL = YES;
				CLANG_ANALYZER_NUMBER_OBJECT_CONVERSION = YES_AGGRESSIVE;
				CLANG_CXX_LANGUAGE_STANDARD = "gnu++14";
				CLANG_CXX_LIBRARY = "libc++";
				CLANG_ENABLE_MODULES = YES;
				CLANG_ENABLE_OBJC_ARC = YES;
				CLANG_WARN_BLOCK_CAPTURE_AUTORELEASING = YES;
				CLANG_WARN_BOOL_CONVERSION = YES;
				CLANG_WARN_COMMA = YES;
				CLANG_WARN_CONSTANT_CONVERSION = YES;
				CLANG_WARN_DEPRECATED_OBJC_IMPLEMENTATIONS = YES;
				CLANG_WARN_DIRECT_OBJC_ISA_USAGE = YES_ERROR;
				CLANG_WARN_DOCUMENTATION_COMMENTS = YES;
				CLANG_WARN_EMPTY_BODY = YES;
				CLANG_WARN_ENUM_CONVERSION = YES;
				CLANG_WARN_INFINITE_RECURSION = YES;
				CLANG_WARN_INT_CONVERSION = YES;
				CLANG_WARN_NON_LITERAL_NULL_CONVERSION = YES;
				CLANG_WARN_OBJC_IMPLICIT_RETAIN_SELF = YES;
				CLANG_WARN_OBJC_LITERAL_CONVERSION = YES;
				CLANG_WARN_OBJC_ROOT_CLASS = YES_ERROR;
				CLANG_WARN_RANGE_LOOP_ANALYSIS = YES;
				CLANG_WARN_STRICT_PROTOTYPES = YES;
				CLANG_WARN_SUSPICIOUS_MOVE = YES;
				CLANG_WARN_UNGUARDED_AVAILABILITY = YES_AGGRESSIVE;
				CLANG_WARN_UNREACHABLE_CODE = YES;
				CLANG_WARN__DUPLICATE_METHOD_MATCH = YES;
				CODE_SIGN_IDENTITY = "iPhone Developer";
				COPY_PHASE_STRIP = NO;
				DEBUG_INFORMATION_FORMAT = "dwarf-with-dsym";
				ENABLE_NS_ASSERTIONS = NO;
				ENABLE_STRICT_OBJC_MSGSEND = YES;
				GCC_C_LANGUAGE_STANDARD = gnu11;
				GCC_NO_COMMON_BLOCKS = YES;
				GCC_WARN_64_TO_32_BIT_CONVERSION = YES;
				GCC_WARN_ABOUT_RETURN_TYPE = YES_ERROR;
				GCC_WARN_UNDECLARED_SELECTOR = YES;
				GCC_WARN_UNINITIALIZED_AUTOS = YES_AGGRESSIVE;
				GCC_WARN_UNUSED_FUNCTION = YES;
				GCC_WARN_UNUSED_VARIABLE = YES;
				IPHONEOS_DEPLOYMENT_TARGET = 11.0;
				MTL_ENABLE_DEBUG_INFO = NO;
				SDKROOT = iphoneos;
				VALIDATE_PRODUCT = YES;
			};
			name = Release;
		};
		FB960D2D1F4D142C00D9E4D3 /* Debug */ = {
			isa = XCBuildConfiguration;
			baseConfigurationReference = C4DDE003E5280A99FE40EC39 /* Pods-XXWU.debug.xcconfig */;
			buildSettings = {
				ASSETCATALOG_COMPILER_APPICON_NAME = AppIcon;
				CODE_SIGN_IDENTITY = "iPhone Developer";
				"CODE_SIGN_IDENTITY[sdk=iphoneos*]" = "iPhone Developer";
				CODE_SIGN_STYLE = Automatic;
				DEVELOPMENT_TEAM = WG5B567WWS;
				GCC_PREFIX_HEADER = XXWU/Other/xxwu.pch;
				INFOPLIST_FILE = XXWU/Other/Info.plist;
				IPHONEOS_DEPLOYMENT_TARGET = 9.0;
				LD_RUNPATH_SEARCH_PATHS = "$(inherited) @executable_path/Frameworks";
				PRODUCT_BUNDLE_IDENTIFIER = com.zcp.demo;
				PRODUCT_NAME = "$(TARGET_NAME)";
				PROVISIONING_PROFILE = "455eb850-d499-4684-acea-69404b602537";
				PROVISIONING_PROFILE_SPECIFIER = "";
				TARGETED_DEVICE_FAMILY = "1,2";
			};
			name = Debug;
		};
		FB960D2E1F4D142C00D9E4D3 /* Release */ = {
			isa = XCBuildConfiguration;
			baseConfigurationReference = 75B6AAF85DBAB817D3663664 /* Pods-XXWU.release.xcconfig */;
			buildSettings = {
				ASSETCATALOG_COMPILER_APPICON_NAME = AppIcon;
				CODE_SIGN_IDENTITY = "iPhone Developer";
				"CODE_SIGN_IDENTITY[sdk=iphoneos*]" = "iPhone Developer";
				CODE_SIGN_STYLE = Automatic;
				DEVELOPMENT_TEAM = WG5B567WWS;
				GCC_PREFIX_HEADER = XXWU/Other/xxwu.pch;
				INFOPLIST_FILE = XXWU/Other/Info.plist;
				IPHONEOS_DEPLOYMENT_TARGET = 9.0;
				LD_RUNPATH_SEARCH_PATHS = "$(inherited) @executable_path/Frameworks";
				PRODUCT_BUNDLE_IDENTIFIER = com.zcp.demo;
				PRODUCT_NAME = "$(TARGET_NAME)";
				PROVISIONING_PROFILE = "455eb850-d499-4684-acea-69404b602537";
				PROVISIONING_PROFILE_SPECIFIER = "";
				TARGETED_DEVICE_FAMILY = "1,2";
			};
			name = Release;
		};
/* End XCBuildConfiguration section */

/* Begin XCConfigurationList section */
		FB960D111F4D142C00D9E4D3 /* Build configuration list for PBXProject "XXWU" */ = {
			isa = XCConfigurationList;
			buildConfigurations = (
				FB960D2A1F4D142C00D9E4D3 /* Debug */,
				FB960D2B1F4D142C00D9E4D3 /* Release */,
			);
			defaultConfigurationIsVisible = 0;
			defaultConfigurationName = Release;
		};
		FB960D2C1F4D142C00D9E4D3 /* Build configuration list for PBXNativeTarget "XXWU" */ = {
			isa = XCConfigurationList;
			buildConfigurations = (
				FB960D2D1F4D142C00D9E4D3 /* Debug */,
				FB960D2E1F4D142C00D9E4D3 /* Release */,
			);
			defaultConfigurationIsVisible = 0;
			defaultConfigurationName = Release;
		};
/* End XCConfigurationList section */
	};
	rootObject = FB960D0E1F4D142C00D9E4D3 /* Project object */;
}
